{
  "name": "@nexucis/codemirror-next-autocomplete",
  "version": "0.1.0",
  "lockfileVersion": 1,
  "requires": true,
  "dependencies": {
    "@codemirror/next": {
      "version": "0.9.0",
      "resolved": "https://registry.npmjs.org/@codemirror/next/-/next-0.9.0.tgz",
      "integrity": "sha512-75wSesCiV7WiwEi3oCQvub8Fuuh3oKIl66IUOuaR+9+tQt7c16oX3GzobMxkZah95YrybZHwgW2YYDK631XRmw==",
      "dev": true,
      "requires": {
        "lezer": "^0.9.0",
        "lezer-css": "^0.9.0",
        "lezer-html": "^0.9.0",
        "lezer-javascript": "^0.9.0",
        "lezer-python": "^0.9.0",
        "lezer-tree": "^0.9.0",
        "style-mod": "^2.2.2",
        "w3c-keyname": "^2.2.4"
      }
    },
    "@types/node": {
      "version": "13.13.15",
      "resolved": "https://registry.npmjs.org/@types/node/-/node-13.13.15.tgz",
      "integrity": "sha512-kwbcs0jySLxzLsa2nWUAGOd/s21WU1jebrEdtzhsj1D4Yps1EOuyI1Qcu+FD56dL7NRNIJtDDjcqIG22NwkgLw==",
      "dev": true
    },
    "lezer": {
      "version": "0.9.1",
      "resolved": "https://registry.npmjs.org/lezer/-/lezer-0.9.1.tgz",
      "integrity": "sha512-mvLVBOmh/Ti96qRkQRcI1ZiEDdOgWo4pBRq4ivmQlcRF9L2jH0kND5tm6CZC7OUPZiQfjT/a7ULVfmryGFCXsA==",
      "dev": true,
      "requires": {
        "lezer-tree": "^0.9.0"
      }
    },
    "lezer-css": {
      "version": "0.9.0",
      "resolved": "https://registry.npmjs.org/lezer-css/-/lezer-css-0.9.0.tgz",
      "integrity": "sha512-rpK/O4++1K+zkHuo4rWZrJiFeaJ1vITWWPTqJK2wkwvbzd3FqvJmFC92oLC43eRhloOuiCD7R2nueRZAR6Oocg==",
      "dev": true,
      "requires": {
        "lezer": "^0.9.0"
      }
    },
    "lezer-html": {
      "version": "0.9.0",
      "resolved": "https://registry.npmjs.org/lezer-html/-/lezer-html-0.9.0.tgz",
      "integrity": "sha512-CLceSQ5mOxQnqZXROX1+A34jAelJaSwiPyOLDMXk4SFLvPOIq/WkAlLyquJ2wY3JaWCwkrdPsP7OzVHd5unpfQ==",
      "dev": true,
      "requires": {
        "lezer": "^0.9.0"
      }
    },
    "lezer-javascript": {
      "version": "0.9.1",
      "resolved": "https://registry.npmjs.org/lezer-javascript/-/lezer-javascript-0.9.1.tgz",
      "integrity": "sha512-XoZeWiVAoo41jywONr5ajGxK8xaS1AeObB3amVXh3Jc4pqN8Y8uBY/bQ9deh1blm7bvZRbQmJWjrb1mCEEy8UQ==",
      "dev": true,
      "requires": {
        "lezer": "^0.9.0"
      }
    },
    "lezer-python": {
      "version": "0.9.0",
      "resolved": "https://registry.npmjs.org/lezer-python/-/lezer-python-0.9.0.tgz",
      "integrity": "sha512-sJ/YY48uQMZDTqQx6GCkqnyhxjph3YghcLqdrAyU8KVKxMHvwWRiSdEKtp3k7uQLhP4Bzp5NfkAFaSEK6wH1Mw==",
      "dev": true,
      "requires": {
        "lezer": "^0.9.0"
      }
    },
    "lezer-tree": {
      "version": "0.9.0",
      "resolved": "https://registry.npmjs.org/lezer-tree/-/lezer-tree-0.9.0.tgz",
      "integrity": "sha512-bz/jTNrQFCJ7GBQIkw8y44DWMKL+rrPh40GnrFhnnrezA22T8US38gJAnAAv23zYsoYQfHmwCHJpxv9A3E1OTQ==",
      "dev": true
    },
    "style-mod": {
      "version": "2.2.3",
      "resolved": "https://registry.npmjs.org/style-mod/-/style-mod-2.2.3.tgz",
      "integrity": "sha512-xeT8Ky7LVF6a+kbdvzwcdyz7IVhNUK1uZh78kMPS7j6/yTUA8jF0e3yuEsLCR0VX7rxMR4ppTTXSSYQAPSD+wg==",
      "dev": true
    },
    "typescript": {
      "version": "3.9.7",
      "resolved": "https://registry.npmjs.org/typescript/-/typescript-3.9.7.tgz",
      "integrity": "sha512-BLbiRkiBzAwsjut4x/dsibSTB6yWpwT5qWmC2OfuCg3GgVQCSgMs4vEctYPhsaGtd0AeuuHMkjZ2h2WG8MSzRw==",
      "dev": true
    },
    "w3c-keyname": {
      "version": "2.2.4",
      "resolved": "https://registry.npmjs.org/w3c-keyname/-/w3c-keyname-2.2.4.tgz",
      "integrity": "sha512-tOhfEwEzFLJzf6d1ZPkYfGj+FWhIpBux9ppoP3rlclw3Z0BZv3N7b7030Z1kYth+6rDuAsXUFr+d0VE6Ed1ikw==",
      "dev": true
    }
  }
}
